
Microsoft Visual Studio Solution File, Format Version 12.00
# Visual Studio Version 16
VisualStudioVersion = 16.0.31702.278
MinimumVisualStudioVersion = 10.0.40219.1
Project("{FAE04EC0-301F-11D3-BF4B-00C04F79EFBC}") = "MoodAnalyser2", "MoodAnalyser2\MoodAnalyser2.csproj", "{CDC0880B-D4F8-420A-B056-EB1BDB5E56A0}"
EndProject
Project("{FAE04EC0-301F-11D3-BF4B-00C04F79EFBC}") = "TestProject1", "TestProject1\TestProject1.csproj", "{2602B0B6-9697-4807-BDF4-60FFA537949A}"
EndProject
Global
	GlobalSection(SolutionConfigurationPlatforms) = preSolution
		Debug|Any CPU = Debug|Any CPU
		Release|Any CPU = Release|Any CPU
	EndGlobalSection
	GlobalSection(ProjectConfigurationPlatforms) = postSolution
		{CDC0880B-D4F8-420A-B056-EB1BDB5E56A0}.Debug|Any CPU.ActiveCfg = Debug|Any CPU
		{CDC0880B-D4F8-420A-B056-EB1BDB5E56A0}.Debug|Any CPU.Build.0 = Debug|Any CPU
		{CDC0880B-D4F8-420A-B056-EB1BDB5E56A0}.Release|Any CPU.ActiveCfg = Release|Any CPU
		{CDC0880B-D4F8-420A-B056-EB1BDB5E56A0}.Release|Any CPU.Build.0 = Release|Any CPU
		{2602B0B6-9697-4807-BDF4-60FFA537949A}.Debug|Any CPU.ActiveCfg = Debug|Any CPU
		{2602B0B6-9697-4807-BDF4-60FFA537949A}.Debug|Any CPU.Build.0 = Debug|Any CPU
		{2602B0B6-9697-4807-BDF4-60FFA537949A}.Release|Any CPU.ActiveCfg = Release|Any CPU
		{2602B0B6-9697-4807-BDF4-60FFA537949A}.Release|Any CPU.Build.0 = Release|Any CPU
	EndGlobalSection
	GlobalSection(SolutionProperties) = preSolution
		HideSolutionNode = FALSE
	EndGlobalSection
	GlobalSection(ExtensibilityGlobals) = postSolution
		SolutionGuid = {0E122135-E91D-407F-ABFF-DDFAC646FF2C}
	EndGlobalSection
EndGlobal
